// !$*UTF8*$!
{
	archiveVersion = 1;
	classes = {
	};
	objectVersion = 56;
	objects = {

/* Begin PBXBuildFile section */
		F71AA36F2CFA20A80028C347 /* CharacterView.swift in Sources */ = {isa = PBXBuildFile; fileRef = F71AA36E2CFA20A80028C347 /* CharacterView.swift */; };
		F71AA3712CFA2F1E0028C347 /* sampleepisode.json in Resources */ = {isa = PBXBuildFile; fileRef = F71AA3702CFA2F1E0028C347 /* sampleepisode.json */; };
		F71AD2562CF3B1D900C988F8 /* BBQuotes17App.swift in Sources */ = {isa = PBXBuildFile; fileRef = F71AD2552CF3B1D900C988F8 /* BBQuotes17App.swift */; };
		F71AD2582CF3B1D900C988F8 /* ContentView.swift in Sources */ = {isa = PBXBuildFile; fileRef = F71AD2572CF3B1D900C988F8 /* ContentView.swift */; };
		F71AD25A2CF3B1DA00C988F8 /* Assets.xcassets in Resources */ = {isa = PBXBuildFile; fileRef = F71AD2592CF3B1DA00C988F8 /* Assets.xcassets */; };
		F71AD25D2CF3B1DA00C988F8 /* Preview Assets.xcassets in Resources */ = {isa = PBXBuildFile; fileRef = F71AD25C2CF3B1DA00C988F8 /* Preview Assets.xcassets */; };
		F71AD2672CF3B26600C988F8 /* samplecharacter.json in Resources */ = {isa = PBXBuildFile; fileRef = F71AD2642CF3B26600C988F8 /* samplecharacter.json */; };
		F71AD2682CF3B26600C988F8 /* sampledeath.json in Resources */ = {isa = PBXBuildFile; fileRef = F71AD2652CF3B26600C988F8 /* sampledeath.json */; };
		F71AD2692CF3B26600C988F8 /* samplequote.json in Resources */ = {isa = PBXBuildFile; fileRef = F71AD2662CF3B26600C988F8 /* samplequote.json */; };
		F72E71F62CF7297700F329F3 /* Quote.swift in Sources */ = {isa = PBXBuildFile; fileRef = F72E71F52CF7297700F329F3 /* Quote.swift */; };
		F72E71F82CF729F800F329F3 /* Character.swift in Sources */ = {isa = PBXBuildFile; fileRef = F72E71F72CF729F800F329F3 /* Character.swift */; };
		F72E71FA2CF72AD700F329F3 /* Death.swift in Sources */ = {isa = PBXBuildFile; fileRef = F72E71F92CF72AD700F329F3 /* Death.swift */; };
		F72E71FC2CF7324D00F329F3 /* FetchService.swift in Sources */ = {isa = PBXBuildFile; fileRef = F72E71FB2CF7324D00F329F3 /* FetchService.swift */; };
		F7CB802E2CFAE0F700DE49FF /* StringExt.swift in Sources */ = {isa = PBXBuildFile; fileRef = F7CB802D2CFAE0F700DE49FF /* StringExt.swift */; };
		F7CB80302CFAE37C00DE49FF /* Constants.swift in Sources */ = {isa = PBXBuildFile; fileRef = F7CB802F2CFAE37C00DE49FF /* Constants.swift */; };
		F7F66D7F2CF9BEE600E15E94 /* ViewModel.swift in Sources */ = {isa = PBXBuildFile; fileRef = F7F66D7E2CF9BEE600E15E94 /* ViewModel.swift */; };
		F7F66D812CF9C80100E15E94 /* QuoteView.swift in Sources */ = {isa = PBXBuildFile; fileRef = F7F66D802CF9C80100E15E94 /* QuoteView.swift */; };
/* End PBXBuildFile section */

/* Begin PBXFileReference section */
		F71AA36E2CFA20A80028C347 /* CharacterView.swift */ = {isa = PBXFileReference; lastKnownFileType = sourcecode.swift; path = CharacterView.swift; sourceTree = "<group>"; };
		F71AA3702CFA2F1E0028C347 /* sampleepisode.json */ = {isa = PBXFileReference; fileEncoding = 4; lastKnownFileType = text.json; path = sampleepisode.json; sourceTree = "<group>"; };
		F71AD2522CF3B1D900C988F8 /* BBQuotes17.app */ = {isa = PBXFileReference; explicitFileType = wrapper.application; includeInIndex = 0; path = BBQuotes17.app; sourceTree = BUILT_PRODUCTS_DIR; };
		F71AD2552CF3B1D900C988F8 /* BBQuotes17App.swift */ = {isa = PBXFileReference; lastKnownFileType = sourcecode.swift; path = BBQuotes17App.swift; sourceTree = "<group>"; };
		F71AD2572CF3B1D900C988F8 /* ContentView.swift */ = {isa = PBXFileReference; lastKnownFileType = sourcecode.swift; path = ContentView.swift; sourceTree = "<group>"; };
		F71AD2592CF3B1DA00C988F8 /* Assets.xcassets */ = {isa = PBXFileReference; lastKnownFileType = folder.assetcatalog; path = Assets.xcassets; sourceTree = "<group>"; };
		F71AD25C2CF3B1DA00C988F8 /* Preview Assets.xcassets */ = {isa = PBXFileReference; lastKnownFileType = folder.assetcatalog; path = "Preview Assets.xcassets"; sourceTree = "<group>"; };
		F71AD2642CF3B26600C988F8 /* samplecharacter.json */ = {isa = PBXFileReference; fileEncoding = 4; lastKnownFileType = text.json; path = samplecharacter.json; sourceTree = "<group>"; };
		F71AD2652CF3B26600C988F8 /* sampledeath.json */ = {isa = PBXFileReference; fileEncoding = 4; lastKnownFileType = text.json; path = sampledeath.json; sourceTree = "<group>"; };
		F71AD2662CF3B26600C988F8 /* samplequote.json */ = {isa = PBXFileReference; fileEncoding = 4; lastKnownFileType = text.json; path = samplequote.json; sourceTree = "<group>"; };
		F72E71F52CF7297700F329F3 /* Quote.swift */ = {isa = PBXFileReference; lastKnownFileType = sourcecode.swift; path = Quote.swift; sourceTree = "<group>"; };
		F72E71F72CF729F800F329F3 /* Character.swift */ = {isa = PBXFileReference; lastKnownFileType = sourcecode.swift; path = Character.swift; sourceTree = "<group>"; };
		F72E71F92CF72AD700F329F3 /* Death.swift */ = {isa = PBXFileReference; lastKnownFileType = sourcecode.swift; path = Death.swift; sourceTree = "<group>"; };
		F72E71FB2CF7324D00F329F3 /* FetchService.swift */ = {isa = PBXFileReference; lastKnownFileType = sourcecode.swift; path = FetchService.swift; sourceTree = "<group>"; };
		F7CB802D2CFAE0F700DE49FF /* StringExt.swift */ = {isa = PBXFileReference; lastKnownFileType = sourcecode.swift; path = StringExt.swift; sourceTree = "<group>"; };
		F7CB802F2CFAE37C00DE49FF /* Constants.swift */ = {isa = PBXFileReference; lastKnownFileType = sourcecode.swift; path = Constants.swift; sourceTree = "<group>"; };
		F7F66D7E2CF9BEE600E15E94 /* ViewModel.swift */ = {isa = PBXFileReference; lastKnownFileType = sourcecode.swift; path = ViewModel.swift; sourceTree = "<group>"; };
		F7F66D802CF9C80100E15E94 /* QuoteView.swift */ = {isa = PBXFileReference; lastKnownFileType = sourcecode.swift; path = QuoteView.swift; sourceTree = "<group>"; };
/* End PBXFileReference section */

/* Begin PBXFrameworksBuildPhase section */
		F71AD24F2CF3B1D900C988F8 /* Frameworks */ = {
			isa = PBXFrameworksBuildPhase;
			buildActionMask = 2147483647;
			files = (
			);
			runOnlyForDeploymentPostprocessing = 0;
		};
/* End PBXFrameworksBuildPhase section */

/* Begin PBXGroup section */
		F71AD2492CF3B1D900C988F8 = {
			isa = PBXGroup;
			children = (
				F71AD2542CF3B1D900C988F8 /* BBQuotes17 */,
				F71AD2532CF3B1D900C988F8 /* Products */,
			);
			sourceTree = "<group>";
		};
		F71AD2532CF3B1D900C988F8 /* Products */ = {
			isa = PBXGroup;
			children = (
				F71AD2522CF3B1D900C988F8 /* BBQuotes17.app */,
			);
			name = Products;
			sourceTree = "<group>";
		};
		F71AD2542CF3B1D900C988F8 /* BBQuotes17 */ = {
			isa = PBXGroup;
			children = (
				F71AD2552CF3B1D900C988F8 /* BBQuotes17App.swift */,
				F71AD2572CF3B1D900C988F8 /* ContentView.swift */,
				F7F66D802CF9C80100E15E94 /* QuoteView.swift */,
				F71AA36E2CFA20A80028C347 /* CharacterView.swift */,
				F7F66D7E2CF9BEE600E15E94 /* ViewModel.swift */,
				F72E71FB2CF7324D00F329F3 /* FetchService.swift */,
				F72E71F52CF7297700F329F3 /* Quote.swift */,
				F72E71F72CF729F800F329F3 /* Character.swift */,
				F72E71F92CF72AD700F329F3 /* Death.swift */,
				F7CB802D2CFAE0F700DE49FF /* StringExt.swift */,
				F7CB802F2CFAE37C00DE49FF /* Constants.swift */,
				F71AD2592CF3B1DA00C988F8 /* Assets.xcassets */,
				F71AD2632CF3B24B00C988F8 /* SampleData */,
				F71AD25B2CF3B1DA00C988F8 /* Preview Content */,
			);
			path = BBQuotes17;
			sourceTree = "<group>";
		};
		F71AD25B2CF3B1DA00C988F8 /* Preview Content */ = {
			isa = PBXGroup;
			children = (
				F71AD25C2CF3B1DA00C988F8 /* Preview Assets.xcassets */,
			);
			path = "Preview Content";
			sourceTree = "<group>";
		};
		F71AD2632CF3B24B00C988F8 /* SampleData */ = {
			isa = PBXGroup;
			children = (
				F71AA3702CFA2F1E0028C347 /* sampleepisode.json */,
				F71AD2642CF3B26600C988F8 /* samplecharacter.json */,
				F71AD2652CF3B26600C988F8 /* sampledeath.json */,
				F71AD2662CF3B26600C988F8 /* samplequote.json */,
			);
			path = SampleData;
			sourceTree = "<group>";
		};
/* End PBXGroup section */

/* Begin PBXNativeTarget section */
		F71AD2512CF3B1D900C988F8 /* BBQuotes17 */ = {
			isa = PBXNativeTarget;
			buildConfigurationList = F71AD2602CF3B1DA00C988F8 /* Build configuration list for PBXNativeTarget "BBQuotes17" */;
			buildPhases = (
				F71AD24E2CF3B1D900C988F8 /* Sources */,
				F71AD24F2CF3B1D900C988F8 /* Frameworks */,
				F71AD2502CF3B1D900C988F8 /* Resources */,
			);
			buildRules = (
			);
			dependencies = (
			);
			name = BBQuotes17;
			productName = BBQuotes17;
			productReference = F71AD2522CF3B1D900C988F8 /* BBQuotes17.app */;
			productType = "com.apple.product-type.application";
		};
/* End PBXNativeTarget section */

/* Begin PBXProject section */
		F71AD24A2CF3B1D900C988F8 /* Project object */ = {
			isa = PBXProject;
			attributes = {
				BuildIndependentTargetsInParallel = 1;
				LastSwiftUpdateCheck = 1510;
				LastUpgradeCheck = 1510;
				TargetAttributes = {
					F71AD2512CF3B1D900C988F8 = {
						CreatedOnToolsVersion = 15.1;
					};
				};
			};
			buildConfigurationList = F71AD24D2CF3B1D900C988F8 /* Build configuration list for PBXProject "BBQuotes17" */;
			compatibilityVersion = "Xcode 14.0";
			developmentRegion = en;
			hasScannedForEncodings = 0;
			knownRegions = (
				en,
				Base,
			);
			mainGroup = F71AD2492CF3B1D900C988F8;
			productRefGroup = F71AD2532CF3B1D900C988F8 /* Products */;
			projectDirPath = "";
			projectRoot = "";
			targets = (
				F71AD2512CF3B1D900C988F8 /* BBQuotes17 */,
			);
		};
/* End PBXProject section */

/* Begin PBXResourcesBuildPhase section */
		F71AD2502CF3B1D900C988F8 /* Resources */ = {
			isa = PBXResourcesBuildPhase;
			buildActionMask = 2147483647;
			files = (
				F71AD2682CF3B26600C988F8 /* sampledeath.json in Resources */,
				F71AA3712CFA2F1E0028C347 /* sampleepisode.json in Resources */,
				F71AD25D2CF3B1DA00C988F8 /* Preview Assets.xcassets in Resources */,
				F71AD2672CF3B26600C988F8 /* samplecharacter.json in Resources */,
				F71AD2692CF3B26600C988F8 /* samplequote.json in Resources */,
				F71AD25A2CF3B1DA00C988F8 /* Assets.xcassets in Resources */,
			);
			runOnlyForDeploymentPostprocessing = 0;
		};
/* End PBXResourcesBuildPhase section */

/* Begin PBXSourcesBuildPhase section */
		F71AD24E2CF3B1D900C988F8 /* Sources */ = {
			isa = PBXSourcesBuildPhase;
			buildActionMask = 2147483647;
			files = (
				F72E71FA2CF72AD700F329F3 /* Death.swift in Sources */,
				F7CB80302CFAE37C00DE49FF /* Constants.swift in Sources */,
				F71AD2582CF3B1D900C988F8 /* ContentView.swift in Sources */,
				F72E71F62CF7297700F329F3 /* Quote.swift in Sources */,
				F7F66D812CF9C80100E15E94 /* QuoteView.swift in Sources */,
				F7CB802E2CFAE0F700DE49FF /* StringExt.swift in Sources */,
				F71AD2562CF3B1D900C988F8 /* BBQuotes17App.swift in Sources */,
				F72E71FC2CF7324D00F329F3 /* FetchService.swift in Sources */,
				F71AA36F2CFA20A80028C347 /* CharacterView.swift in Sources */,
				F72E71F82CF729F800F329F3 /* Character.swift in Sources */,
				F7F66D7F2CF9BEE600E15E94 /* ViewModel.swift in Sources */,
			);
			runOnlyForDeploymentPostprocessing = 0;
		};
/* End PBXSourcesBuildPhase section */

/* Begin XCBuildConfiguration section */
		F71AD25E2CF3B1DA00C988F8 /* Debug */ = {
			isa = XCBuildConfiguration;
			buildSettings = {
				ALWAYS_SEARCH_USER_PATHS = NO;
				ASSETCATALOG_COMPILER_GENERATE_SWIFT_ASSET_SYMBOL_EXTENSIONS = YES;
				CLANG_ANALYZER_NONNULL = YES;
				CLANG_ANALYZER_NUMBER_OBJECT_CONVERSION = YES_AGGRESSIVE;
				CLANG_CXX_LANGUAGE_STANDARD = "gnu++20";
				CLANG_ENABLE_MODULES = YES;
				CLANG_ENABLE_OBJC_ARC = YES;
				CLANG_ENABLE_OBJC_WEAK = YES;
				CLANG_WARN_BLOCK_CAPTURE_AUTORELEASING = YES;
				CLANG_WARN_BOOL_CONVERSION = YES;
				CLANG_WARN_COMMA = YES;
				CLANG_WARN_CONSTANT_CONVERSION = YES;
				CLANG_WARN_DEPRECATED_OBJC_IMPLEMENTATIONS = YES;
				CLANG_WARN_DIRECT_OBJC_ISA_USAGE = YES_ERROR;
				CLANG_WARN_DOCUMENTATION_COMMENTS = YES;
				CLANG_WARN_EMPTY_BODY = YES;
				CLANG_WARN_ENUM_CONVERSION = YES;
				CLANG_WARN_INFINITE_RECURSION = YES;
				CLANG_WARN_INT_CONVERSION = YES;
				CLANG_WARN_NON_LITERAL_NULL_CONVERSION = YES;
				CLANG_WARN_OBJC_IMPLICIT_RETAIN_SELF = YES;
				CLANG_WARN_OBJC_LITERAL_CONVERSION = YES;
				CLANG_WARN_OBJC_ROOT_CLASS = YES_ERROR;
				CLANG_WARN_QUOTED_INCLUDE_IN_FRAMEWORK_HEADER = YES;
				CLANG_WARN_RANGE_LOOP_ANALYSIS = YES;
				CLANG_WARN_STRICT_PROTOTYPES = YES;
				CLANG_WARN_SUSPICIOUS_MOVE = YES;
				CLANG_WARN_UNGUARDED_AVAILABILITY = YES_AGGRESSIVE;
				CLANG_WARN_UNREACHABLE_CODE = YES;
				CLANG_WARN__DUPLICATE_METHOD_MATCH = YES;
				COPY_PHASE_STRIP = NO;
				DEBUG_INFORMATION_FORMAT = dwarf;
				ENABLE_STRICT_OBJC_MSGSEND = YES;
				ENABLE_TESTABILITY = YES;
				ENABLE_USER_SCRIPT_SANDBOXING = YES;
				GCC_C_LANGUAGE_STANDARD = gnu17;
				GCC_DYNAMIC_NO_PIC = NO;
				GCC_NO_COMMON_BLOCKS = YES;
				GCC_OPTIMIZATION_LEVEL = 0;
				GCC_PREPROCESSOR_DEFINITIONS = (
					"DEBUG=1",
					"$(inherited)",
				);
				GCC_WARN_64_TO_32_BIT_CONVERSION = YES;
				GCC_WARN_ABOUT_RETURN_TYPE = YES_ERROR;
				GCC_WARN_UNDECLARED_SELECTOR = YES;
				GCC_WARN_UNINITIALIZED_AUTOS = YES_AGGRESSIVE;
				GCC_WARN_UNUSED_FUNCTION = YES;
				GCC_WARN_UNUSED_VARIABLE = YES;
				IPHONEOS_DEPLOYMENT_TARGET = 17.2;
				LOCALIZATION_PREFERS_STRING_CATALOGS = YES;
				MTL_ENABLE_DEBUG_INFO = INCLUDE_SOURCE;
				MTL_FAST_MATH = YES;
				ONLY_ACTIVE_ARCH = YES;
				SDKROOT = iphoneos;
				SWIFT_ACTIVE_COMPILATION_CONDITIONS = "DEBUG $(inherited)";
				SWIFT_OPTIMIZATION_LEVEL = "-Onone";
			};
			name = Debug;
		};
		F71AD25F2CF3B1DA00C988F8 /* Release */ = {
			isa = XCBuildConfiguration;
			buildSettings = {
				ALWAYS_SEARCH_USER_PATHS = NO;
				ASSETCATALOG_COMPILER_GENERATE_SWIFT_ASSET_SYMBOL_EXTENSIONS = YES;
				CLANG_ANALYZER_NONNULL = YES;
				CLANG_ANALYZER_NUMBER_OBJECT_CONVERSION = YES_AGGRESSIVE;
				CLANG_CXX_LANGUAGE_STANDARD = "gnu++20";
				CLANG_ENABLE_MODULES = YES;
				CLANG_ENABLE_OBJC_ARC = YES;
				CLANG_ENABLE_OBJC_WEAK = YES;
				CLANG_WARN_BLOCK_CAPTURE_AUTORELEASING = YES;
				CLANG_WARN_BOOL_CONVERSION = YES;
				CLANG_WARN_COMMA = YES;
				CLANG_WARN_CONSTANT_CONVERSION = YES;
				CLANG_WARN_DEPRECATED_OBJC_IMPLEMENTATIONS = YES;
				CLANG_WARN_DIRECT_OBJC_ISA_USAGE = YES_ERROR;
				CLANG_WARN_DOCUMENTATION_COMMENTS = YES;
				CLANG_WARN_EMPTY_BODY = YES;
				CLANG_WARN_ENUM_CONVERSION = YES;
				CLANG_WARN_INFINITE_RECURSION = YES;
				CLANG_WARN_INT_CONVERSION = YES;
				CLANG_WARN_NON_LITERAL_NULL_CONVERSION = YES;
				CLANG_WARN_OBJC_IMPLICIT_RETAIN_SELF = YES;
				CLANG_WARN_OBJC_LITERAL_CONVERSION = YES;
				CLANG_WARN_OBJC_ROOT_CLASS = YES_ERROR;
				CLANG_WARN_QUOTED_INCLUDE_IN_FRAMEWORK_HEADER = YES;
				CLANG_WARN_RANGE_LOOP_ANALYSIS = YES;
				CLANG_WARN_STRICT_PROTOTYPES = YES;
				CLANG_WARN_SUSPICIOUS_MOVE = YES;
				CLANG_WARN_UNGUARDED_AVAILABILITY = YES_AGGRESSIVE;
				CLANG_WARN_UNREACHABLE_CODE = YES;
				CLANG_WARN__DUPLICATE_METHOD_MATCH = YES;
				COPY_PHASE_STRIP = NO;
				DEBUG_INFORMATION_FORMAT = "dwarf-with-dsym";
				ENABLE_NS_ASSERTIONS = NO;
				ENABLE_STRICT_OBJC_MSGSEND = YES;
				ENABLE_USER_SCRIPT_SANDBOXING = YES;
				GCC_C_LANGUAGE_STANDARD = gnu17;
				GCC_NO_COMMON_BLOCKS = YES;
				GCC_WARN_64_TO_32_BIT_CONVERSION = YES;
				GCC_WARN_ABOUT_RETURN_TYPE = YES_ERROR;
				GCC_WARN_UNDECLARED_SELECTOR = YES;
				GCC_WARN_UNINITIALIZED_AUTOS = YES_AGGRESSIVE;
				GCC_WARN_UNUSED_FUNCTION = YES;
				GCC_WARN_UNUSED_VARIABLE = YES;
				IPHONEOS_DEPLOYMENT_TARGET = 17.2;
				LOCALIZATION_PREFERS_STRING_CATALOGS = YES;
				MTL_ENABLE_DEBUG_INFO = NO;
				MTL_FAST_MATH = YES;
				SDKROOT = iphoneos;
				SWIFT_COMPILATION_MODE = wholemodule;
				VALIDATE_PRODUCT = YES;
			};
			name = Release;
		};
		F71AD2612CF3B1DA00C988F8 /* Debug */ = {
			isa = XCBuildConfiguration;
			buildSettings = {
				ASSETCATALOG_COMPILER_APPICON_NAME = AppIcon;
				ASSETCATALOG_COMPILER_GLOBAL_ACCENT_COLOR_NAME = AccentColor;
				CODE_SIGN_STYLE = Automatic;
				CURRENT_PROJECT_VERSION = 1;
				DEVELOPMENT_ASSET_PATHS = "\"BBQuotes17/Preview Content\"";
				DEVELOPMENT_TEAM = 27AV7G4VNU;
				ENABLE_PREVIEWS = YES;
				GENERATE_INFOPLIST_FILE = YES;
				INFOPLIST_KEY_UIApplicationSceneManifest_Generation = YES;
				INFOPLIST_KEY_UIApplicationSupportsIndirectInputEvents = YES;
				INFOPLIST_KEY_UILaunchScreen_Generation = YES;
				INFOPLIST_KEY_UISupportedInterfaceOrientations_iPad = "UIInterfaceOrientationPortrait UIInterfaceOrientationPortraitUpsideDown UIInterfaceOrientationLandscapeLeft UIInterfaceOrientationLandscapeRight";
				INFOPLIST_KEY_UISupportedInterfaceOrientations_iPhone = "UIInterfaceOrientationPortrait UIInterfaceOrientationLandscapeLeft UIInterfaceOrientationLandscapeRight";
				LD_RUNPATH_SEARCH_PATHS = (
					"$(inherited)",
					"@executable_path/Frameworks",
				);
				MARKETING_VERSION = 1.0;
				PRODUCT_BUNDLE_IDENTIFIER = com.lyle.BBQuotes17;
				PRODUCT_NAME = "$(TARGET_NAME)";
				SWIFT_EMIT_LOC_STRINGS = YES;
				SWIFT_VERSION = 5.0;
				TARGETED_DEVICE_FAMILY = "1,2";
			};
			name = Debug;
		};
		F71AD2622CF3B1DA00C988F8 /* Release */ = {
			isa = XCBuildConfiguration;
			buildSettings = {
				ASSETCATALOG_COMPILER_APPICON_NAME = AppIcon;
				ASSETCATALOG_COMPILER_GLOBAL_ACCENT_COLOR_NAME = AccentColor;
				CODE_SIGN_STYLE = Automatic;
				CURRENT_PROJECT_VERSION = 1;
				DEVELOPMENT_ASSET_PATHS = "\"BBQuotes17/Preview Content\"";
				DEVELOPMENT_TEAM = 27AV7G4VNU;
				ENABLE_PREVIEWS = YES;
				GENERATE_INFOPLIST_FILE = YES;
				INFOPLIST_KEY_UIApplicationSceneManifest_Generation = YES;
				INFOPLIST_KEY_UIApplicationSupportsIndirectInputEvents = YES;
				INFOPLIST_KEY_UILaunchScreen_Generation = YES;
				INFOPLIST_KEY_UISupportedInterfaceOrientations_iPad = "UIInterfaceOrientationPortrait UIInterfaceOrientationPortraitUpsideDown UIInterfaceOrientationLandscapeLeft UIInterfaceOrientationLandscapeRight";
				INFOPLIST_KEY_UISupportedInterfaceOrientations_iPhone = "UIInterfaceOrientationPortrait UIInterfaceOrientationLandscapeLeft UIInterfaceOrientationLandscapeRight";
				LD_RUNPATH_SEARCH_PATHS = (
					"$(inherited)",
					"@executable_path/Frameworks",
				);
				MARKETING_VERSION = 1.0;
				PRODUCT_BUNDLE_IDENTIFIER = com.lyle.BBQuotes17;
				PRODUCT_NAME = "$(TARGET_NAME)";
				SWIFT_EMIT_LOC_STRINGS = YES;
				SWIFT_VERSION = 5.0;
				TARGETED_DEVICE_FAMILY = "1,2";
			};
			name = Release;
		};
/* End XCBuildConfiguration section */

/* Begin XCConfigurationList section */
		F71AD24D2CF3B1D900C988F8 /* Build configuration list for PBXProject "BBQuotes17" */ = {
			isa = XCConfigurationList;
			buildConfigurations = (
				F71AD25E2CF3B1DA00C988F8 /* Debug */,
				F71AD25F2CF3B1DA00C988F8 /* Release */,
			);
			defaultConfigurationIsVisible = 0;
			defaultConfigurationName = Release;
		};
		F71AD2602CF3B1DA00C988F8 /* Build configuration list for PBXNativeTarget "BBQuotes17" */ = {
			isa = XCConfigurationList;
			buildConfigurations = (
				F71AD2612CF3B1DA00C988F8 /* Debug */,
				F71AD2622CF3B1DA00C988F8 /* Release */,
			);
			defaultConfigurationIsVisible = 0;
			defaultConfigurationName = Release;
		};
/* End XCConfigurationList section */
	};
	rootObject = F71AD24A2CF3B1D900C988F8 /* Project object */;
}
